
Microsoft Visual Studio Solution File, Format Version 12.00
# Visual Studio Version 16
VisualStudioVersion = 16.0.31205.134
MinimumVisualStudioVersion = 10.0.40219.1
Project("{FAE04EC0-301F-11D3-BF4B-00C04F79EFBC}") = "DBConnection", "DBConnection\DBConnection.csproj", "{F3FD7307-88FE-4691-8EAF-FB03E6BDEE9B}"
EndProject
Project("{FAE04EC0-301F-11D3-BF4B-00C04F79EFBC}") = "DSConnect", "DSConnect\DSConnect.csproj", "{3832DD1D-808D-47D5-AA7C-272B9C750C98}"
EndProject
Project("{FAE04EC0-301F-11D3-BF4B-00C04F79EFBC}") = "DBCommand", "DBCommand\DBCommand.csproj", "{6DA4198B-F9F2-4ABB-842F-5235A9E5905D}"
EndProject
Project("{FAE04EC0-301F-11D3-BF4B-00C04F79EFBC}") = "DatasetDesigner", "DatasetDesigner\DatasetDesigner.csproj", "{8FF04054-D6FF-4EAD-AD37-4370C7EE2ECA}"
EndProject
Project("{FAE04EC0-301F-11D3-BF4B-00C04F79EFBC}") = "CreatingDataTable", "CreatingDataTable\CreatingDataTable.csproj", "{EAA2C1C6-BE78-484A-99BA-C5ECE265EE39}"
EndProject
Project("{FAE04EC0-301F-11D3-BF4B-00C04F79EFBC}") = "DataAdapterWizard", "DataAdapterWizard\DataAdapterWizard.csproj", "{94A9F041-10FC-465B-A067-15656EB489FC}"
EndProject
Project("{FAE04EC0-301F-11D3-BF4B-00C04F79EFBC}") = "DataAdapterProgram", "DataAdapterProgram\DataAdapterProgram.csproj", "{ACA69D60-59D8-4449-ABC1-5060D5E03911}"
EndProject
Project("{FAE04EC0-301F-11D3-BF4B-00C04F79EFBC}") = "WorkingDataTable", "WorkingDataTable\WorkingDataTable.csproj", "{DBFA512B-C1E2-4A09-B5E1-486B185D1615}"
EndProject
Project("{FAE04EC0-301F-11D3-BF4B-00C04F79EFBC}") = "DataViewExample", "DataViewExample\DataViewExample.csproj", "{51F35201-8B09-4E40-B2A0-7666EF932D5D}"
EndProject
Project("{FAE04EC0-301F-11D3-BF4B-00C04F79EFBC}") = "DataSourcesWizard", "DataSourcesWizard\DataSourcesWizard.csproj", "{8008933D-FBFD-45D0-9E62-C10F3EC79B15}"
EndProject
Project("{FAE04EC0-301F-11D3-BF4B-00C04F79EFBC}") = "DataBindingSimple", "DataBindingSimple\DataBindingSimple.csproj", "{5A4E3030-C283-4BA3-8547-9E4093EA5662}"
EndProject
Project("{FAE04EC0-301F-11D3-BF4B-00C04F79EFBC}") = "DataBindingComplex", "DataBindingComplex\DataBindingComplex.csproj", "{C97DE1AD-B950-4673-B4B2-5AF246EA4056}"
EndProject
Project("{FAE04EC0-301F-11D3-BF4B-00C04F79EFBC}") = "DataGridViewExample", "DataGridViewExample\DataGridViewExample.csproj", "{97408962-98BD-44D9-9433-7A69D0DF59A1}"
EndProject
Project("{FAE04EC0-301F-11D3-BF4B-00C04F79EFBC}") = "SavingDataSetXml", "SavingDataSetXml\SavingDataSetXml.csproj", "{E72D600C-18C8-4FE0-8785-D0DB9AA4AAAC}"
EndProject
Project("{FAE04EC0-301F-11D3-BF4B-00C04F79EFBC}") = "LoadDataSetXml", "LoadDataSetXml\LoadDataSetXml.csproj", "{74A6A0B7-E08A-4BE7-BC83-5CC21FD32F30}"
EndProject
Project("{FAE04EC0-301F-11D3-BF4B-00C04F79EFBC}") = "Linq_Student", "Linq_Student\Linq_Student.csproj", "{64258AAF-B9D5-4E03-A719-A8231D66953C}"
EndProject
Project("{FAE04EC0-301F-11D3-BF4B-00C04F79EFBC}") = "LINQsql_1", "LINQsql_1\LINQsql_1.csproj", "{0433BD7B-9740-4640-8E19-4D59FB7D1E2A}"
EndProject
Project("{FAE04EC0-301F-11D3-BF4B-00C04F79EFBC}") = "LINQsqlSproc", "LINQsqlSproc\LINQsqlSproc.csproj", "{55F62295-181B-4F22-BB67-4433EF8599F6}"
EndProject
Project("{FAE04EC0-301F-11D3-BF4B-00C04F79EFBC}") = "LINQsql_m", "LINQsql_m\LINQsql_m.csproj", "{D713ED6A-7F67-43BE-9410-3926672B285B}"
EndProject
Global
	GlobalSection(SolutionConfigurationPlatforms) = preSolution
		Debug|Any CPU = Debug|Any CPU
		Release|Any CPU = Release|Any CPU
	EndGlobalSection
	GlobalSection(ProjectConfigurationPlatforms) = postSolution
		{F3FD7307-88FE-4691-8EAF-FB03E6BDEE9B}.Debug|Any CPU.ActiveCfg = Debug|Any CPU
		{F3FD7307-88FE-4691-8EAF-FB03E6BDEE9B}.Debug|Any CPU.Build.0 = Debug|Any CPU
		{F3FD7307-88FE-4691-8EAF-FB03E6BDEE9B}.Release|Any CPU.ActiveCfg = Release|Any CPU
		{F3FD7307-88FE-4691-8EAF-FB03E6BDEE9B}.Release|Any CPU.Build.0 = Release|Any CPU
		{3832DD1D-808D-47D5-AA7C-272B9C750C98}.Debug|Any CPU.ActiveCfg = Debug|Any CPU
		{3832DD1D-808D-47D5-AA7C-272B9C750C98}.Debug|Any CPU.Build.0 = Debug|Any CPU
		{3832DD1D-808D-47D5-AA7C-272B9C750C98}.Release|Any CPU.ActiveCfg = Release|Any CPU
		{3832DD1D-808D-47D5-AA7C-272B9C750C98}.Release|Any CPU.Build.0 = Release|Any CPU
		{6DA4198B-F9F2-4ABB-842F-5235A9E5905D}.Debug|Any CPU.ActiveCfg = Debug|Any CPU
		{6DA4198B-F9F2-4ABB-842F-5235A9E5905D}.Debug|Any CPU.Build.0 = Debug|Any CPU
		{6DA4198B-F9F2-4ABB-842F-5235A9E5905D}.Release|Any CPU.ActiveCfg = Release|Any CPU
		{6DA4198B-F9F2-4ABB-842F-5235A9E5905D}.Release|Any CPU.Build.0 = Release|Any CPU
		{8FF04054-D6FF-4EAD-AD37-4370C7EE2ECA}.Debug|Any CPU.ActiveCfg = Debug|Any CPU
		{8FF04054-D6FF-4EAD-AD37-4370C7EE2ECA}.Debug|Any CPU.Build.0 = Debug|Any CPU
		{8FF04054-D6FF-4EAD-AD37-4370C7EE2ECA}.Release|Any CPU.ActiveCfg = Release|Any CPU
		{8FF04054-D6FF-4EAD-AD37-4370C7EE2ECA}.Release|Any CPU.Build.0 = Release|Any CPU
		{EAA2C1C6-BE78-484A-99BA-C5ECE265EE39}.Debug|Any CPU.ActiveCfg = Debug|Any CPU
		{EAA2C1C6-BE78-484A-99BA-C5ECE265EE39}.Debug|Any CPU.Build.0 = Debug|Any CPU
		{EAA2C1C6-BE78-484A-99BA-C5ECE265EE39}.Release|Any CPU.ActiveCfg = Release|Any CPU
		{EAA2C1C6-BE78-484A-99BA-C5ECE265EE39}.Release|Any CPU.Build.0 = Release|Any CPU
		{94A9F041-10FC-465B-A067-15656EB489FC}.Debug|Any CPU.ActiveCfg = Debug|Any CPU
		{94A9F041-10FC-465B-A067-15656EB489FC}.Debug|Any CPU.Build.0 = Debug|Any CPU
		{94A9F041-10FC-465B-A067-15656EB489FC}.Release|Any CPU.ActiveCfg = Release|Any CPU
		{94A9F041-10FC-465B-A067-15656EB489FC}.Release|Any CPU.Build.0 = Release|Any CPU
		{ACA69D60-59D8-4449-ABC1-5060D5E03911}.Debug|Any CPU.ActiveCfg = Debug|Any CPU
		{ACA69D60-59D8-4449-ABC1-5060D5E03911}.Debug|Any CPU.Build.0 = Debug|Any CPU
		{ACA69D60-59D8-4449-ABC1-5060D5E03911}.Release|Any CPU.ActiveCfg = Release|Any CPU
		{ACA69D60-59D8-4449-ABC1-5060D5E03911}.Release|Any CPU.Build.0 = Release|Any CPU
		{DBFA512B-C1E2-4A09-B5E1-486B185D1615}.Debug|Any CPU.ActiveCfg = Debug|Any CPU
		{DBFA512B-C1E2-4A09-B5E1-486B185D1615}.Debug|Any CPU.Build.0 = Debug|Any CPU
		{DBFA512B-C1E2-4A09-B5E1-486B185D1615}.Release|Any CPU.ActiveCfg = Release|Any CPU
		{DBFA512B-C1E2-4A09-B5E1-486B185D1615}.Release|Any CPU.Build.0 = Release|Any CPU
		{51F35201-8B09-4E40-B2A0-7666EF932D5D}.Debug|Any CPU.ActiveCfg = Debug|Any CPU
		{51F35201-8B09-4E40-B2A0-7666EF932D5D}.Debug|Any CPU.Build.0 = Debug|Any CPU
		{51F35201-8B09-4E40-B2A0-7666EF932D5D}.Release|Any CPU.ActiveCfg = Release|Any CPU
		{51F35201-8B09-4E40-B2A0-7666EF932D5D}.Release|Any CPU.Build.0 = Release|Any CPU
		{8008933D-FBFD-45D0-9E62-C10F3EC79B15}.Debug|Any CPU.ActiveCfg = Debug|Any CPU
		{8008933D-FBFD-45D0-9E62-C10F3EC79B15}.Debug|Any CPU.Build.0 = Debug|Any CPU
		{8008933D-FBFD-45D0-9E62-C10F3EC79B15}.Release|Any CPU.ActiveCfg = Release|Any CPU
		{8008933D-FBFD-45D0-9E62-C10F3EC79B15}.Release|Any CPU.Build.0 = Release|Any CPU
		{5A4E3030-C283-4BA3-8547-9E4093EA5662}.Debug|Any CPU.ActiveCfg = Debug|Any CPU
		{5A4E3030-C283-4BA3-8547-9E4093EA5662}.Debug|Any CPU.Build.0 = Debug|Any CPU
		{5A4E3030-C283-4BA3-8547-9E4093EA5662}.Release|Any CPU.ActiveCfg = Release|Any CPU
		{5A4E3030-C283-4BA3-8547-9E4093EA5662}.Release|Any CPU.Build.0 = Release|Any CPU
		{C97DE1AD-B950-4673-B4B2-5AF246EA4056}.Debug|Any CPU.ActiveCfg = Debug|Any CPU
		{C97DE1AD-B950-4673-B4B2-5AF246EA4056}.Debug|Any CPU.Build.0 = Debug|Any CPU
		{C97DE1AD-B950-4673-B4B2-5AF246EA4056}.Release|Any CPU.ActiveCfg = Release|Any CPU
		{C97DE1AD-B950-4673-B4B2-5AF246EA4056}.Release|Any CPU.Build.0 = Release|Any CPU
		{97408962-98BD-44D9-9433-7A69D0DF59A1}.Debug|Any CPU.ActiveCfg = Debug|Any CPU
		{97408962-98BD-44D9-9433-7A69D0DF59A1}.Debug|Any CPU.Build.0 = Debug|Any CPU
		{97408962-98BD-44D9-9433-7A69D0DF59A1}.Release|Any CPU.ActiveCfg = Release|Any CPU
		{97408962-98BD-44D9-9433-7A69D0DF59A1}.Release|Any CPU.Build.0 = Release|Any CPU
		{E72D600C-18C8-4FE0-8785-D0DB9AA4AAAC}.Debug|Any CPU.ActiveCfg = Debug|Any CPU
		{E72D600C-18C8-4FE0-8785-D0DB9AA4AAAC}.Debug|Any CPU.Build.0 = Debug|Any CPU
		{E72D600C-18C8-4FE0-8785-D0DB9AA4AAAC}.Release|Any CPU.ActiveCfg = Release|Any CPU
		{E72D600C-18C8-4FE0-8785-D0DB9AA4AAAC}.Release|Any CPU.Build.0 = Release|Any CPU
		{74A6A0B7-E08A-4BE7-BC83-5CC21FD32F30}.Debug|Any CPU.ActiveCfg = Debug|Any CPU
		{74A6A0B7-E08A-4BE7-BC83-5CC21FD32F30}.Debug|Any CPU.Build.0 = Debug|Any CPU
		{74A6A0B7-E08A-4BE7-BC83-5CC21FD32F30}.Release|Any CPU.ActiveCfg = Release|Any CPU
		{74A6A0B7-E08A-4BE7-BC83-5CC21FD32F30}.Release|Any CPU.Build.0 = Release|Any CPU
		{64258AAF-B9D5-4E03-A719-A8231D66953C}.Debug|Any CPU.ActiveCfg = Debug|Any CPU
		{64258AAF-B9D5-4E03-A719-A8231D66953C}.Debug|Any CPU.Build.0 = Debug|Any CPU
		{64258AAF-B9D5-4E03-A719-A8231D66953C}.Release|Any CPU.ActiveCfg = Release|Any CPU
		{64258AAF-B9D5-4E03-A719-A8231D66953C}.Release|Any CPU.Build.0 = Release|Any CPU
		{0433BD7B-9740-4640-8E19-4D59FB7D1E2A}.Debug|Any CPU.ActiveCfg = Debug|Any CPU
		{0433BD7B-9740-4640-8E19-4D59FB7D1E2A}.Debug|Any CPU.Build.0 = Debug|Any CPU
		{0433BD7B-9740-4640-8E19-4D59FB7D1E2A}.Release|Any CPU.ActiveCfg = Release|Any CPU
		{0433BD7B-9740-4640-8E19-4D59FB7D1E2A}.Release|Any CPU.Build.0 = Release|Any CPU
		{55F62295-181B-4F22-BB67-4433EF8599F6}.Debug|Any CPU.ActiveCfg = Debug|Any CPU
		{55F62295-181B-4F22-BB67-4433EF8599F6}.Debug|Any CPU.Build.0 = Debug|Any CPU
		{55F62295-181B-4F22-BB67-4433EF8599F6}.Release|Any CPU.ActiveCfg = Release|Any CPU
		{55F62295-181B-4F22-BB67-4433EF8599F6}.Release|Any CPU.Build.0 = Release|Any CPU
		{D713ED6A-7F67-43BE-9410-3926672B285B}.Debug|Any CPU.ActiveCfg = Debug|Any CPU
		{D713ED6A-7F67-43BE-9410-3926672B285B}.Debug|Any CPU.Build.0 = Debug|Any CPU
		{D713ED6A-7F67-43BE-9410-3926672B285B}.Release|Any CPU.ActiveCfg = Release|Any CPU
		{D713ED6A-7F67-43BE-9410-3926672B285B}.Release|Any CPU.Build.0 = Release|Any CPU
	EndGlobalSection
	GlobalSection(SolutionProperties) = preSolution
		HideSolutionNode = FALSE
	EndGlobalSection
	GlobalSection(ExtensibilityGlobals) = postSolution
		SolutionGuid = {82FDD629-D32A-4DC6-86ED-30AF7693163E}
	EndGlobalSection
EndGlobal
